// !$*UTF8*$!
{
	archiveVersion = 1;
	classes = {
	};
	objectVersion = 46;
	objects = {

/* Begin PBXBuildFile section */
		FA11706D178777DA00F0A316 /* stat_happy.png in Resources */ = {isa = PBXBuildFile; fileRef = FA11706C178777DA00F0A316 /* stat_happy.png */; };
		FA1170701787A58300F0A316 /* DotMaster.m in Sources */ = {isa = PBXBuildFile; fileRef = FA11706F1787A50500F0A316 /* DotMaster.m */; };
		FA84CC2817727770006377EA /* Cocoa.framework in Frameworks */ = {isa = PBXBuildFile; fileRef = FA84CC2717727770006377EA /* Cocoa.framework */; };
		FA84CC4A17727770006377EA /* XCTest.framework in Frameworks */ = {isa = PBXBuildFile; fileRef = FA84CC4917727770006377EA /* XCTest.framework */; };
		FA84CC4B17727770006377EA /* Cocoa.framework in Frameworks */ = {isa = PBXBuildFile; fileRef = FA84CC2717727770006377EA /* Cocoa.framework */; };
		FA934DDD17872A0E0001AD46 /* mapPin@2x.png in Resources */ = {isa = PBXBuildFile; fileRef = FA934DDC17872A0E0001AD46 /* mapPin@2x.png */; };
		FA934DE017872A160001AD46 /* AppDelegate.m in Sources */ = {isa = PBXBuildFile; fileRef = FA934DDF17872A160001AD46 /* AppDelegate.m */; };
		FA934DE317872A280001AD46 /* MainMenu.xib in Resources */ = {isa = PBXBuildFile; fileRef = FA934DE117872A280001AD46 /* MainMenu.xib */; };
		FA934DE717872A380001AD46 /* ViewController.m in Sources */ = {isa = PBXBuildFile; fileRef = FA934DE517872A380001AD46 /* ViewController.m */; };
		FA934DE817872A380001AD46 /* ViewController.xib in Resources */ = {isa = PBXBuildFile; fileRef = FA934DE617872A380001AD46 /* ViewController.xib */; };
		FA934DEB17872A410001AD46 /* DetectorView.m in Sources */ = {isa = PBXBuildFile; fileRef = FA934DEA17872A410001AD46 /* DetectorView.m */; };
		FA934DEF17872A540001AD46 /* Lineman-Info.plist in Resources */ = {isa = PBXBuildFile; fileRef = FA934DEC17872A540001AD46 /* Lineman-Info.plist */; };
		FA934DF017872A540001AD46 /* main.m in Sources */ = {isa = PBXBuildFile; fileRef = FA934DEE17872A540001AD46 /* main.m */; };
		FA934DF517872A5D0001AD46 /* Credits.rtf in Resources */ = {isa = PBXBuildFile; fileRef = FA934DF117872A5D0001AD46 /* Credits.rtf */; };
		FA934DF617872A5D0001AD46 /* InfoPlist.strings in Resources */ = {isa = PBXBuildFile; fileRef = FA934DF317872A5D0001AD46 /* InfoPlist.strings */; };
		FA934DF9178736F50001AD46 /* MirrorDetectorView.m in Sources */ = {isa = PBXBuildFile; fileRef = FA934DF8178732120001AD46 /* MirrorDetectorView.m */; };
		FAE35443177A491600DD8A7D /* CoreGraphics.framework in Frameworks */ = {isa = PBXBuildFile; fileRef = FAE35442177A491600DD8A7D /* CoreGraphics.framework */; };
/* End PBXBuildFile section */

/* Begin PBXContainerItemProxy section */
		FA84CC4C17727770006377EA /* PBXContainerItemProxy */ = {
			isa = PBXContainerItemProxy;
			containerPortal = FA84CC1C17727770006377EA /* Project object */;
			proxyType = 1;
			remoteGlobalIDString = FA84CC2317727770006377EA;
			remoteInfo = TrackpadTest;
		};
/* End PBXContainerItemProxy section */

/* Begin PBXFileReference section */
		FA11706C178777DA00F0A316 /* stat_happy.png */ = {isa = PBXFileReference; lastKnownFileType = image.png; path = stat_happy.png; sourceTree = SOURCE_ROOT; };
		FA11706E1787A50500F0A316 /* DotMaster.h */ = {isa = PBXFileReference; lastKnownFileType = sourcecode.c.h; name = DotMaster.h; path = Lineman/DotMaster.h; sourceTree = SOURCE_ROOT; };
		FA11706F1787A50500F0A316 /* DotMaster.m */ = {isa = PBXFileReference; lastKnownFileType = sourcecode.c.objc; name = DotMaster.m; path = Lineman/DotMaster.m; sourceTree = SOURCE_ROOT; };
		FA84CC2417727770006377EA /* Lineman.app */ = {isa = PBXFileReference; explicitFileType = wrapper.application; includeInIndex = 0; path = Lineman.app; sourceTree = BUILT_PRODUCTS_DIR; };
		FA84CC2717727770006377EA /* Cocoa.framework */ = {isa = PBXFileReference; lastKnownFileType = wrapper.framework; name = Cocoa.framework; path = System/Library/Frameworks/Cocoa.framework; sourceTree = SDKROOT; };
		FA84CC2A17727770006377EA /* AppKit.framework */ = {isa = PBXFileReference; lastKnownFileType = wrapper.framework; name = AppKit.framework; path = System/Library/Frameworks/AppKit.framework; sourceTree = SDKROOT; };
		FA84CC2B17727770006377EA /* CoreData.framework */ = {isa = PBXFileReference; lastKnownFileType = wrapper.framework; name = CoreData.framework; path = System/Library/Frameworks/CoreData.framework; sourceTree = SDKROOT; };
		FA84CC2C17727770006377EA /* Foundation.framework */ = {isa = PBXFileReference; lastKnownFileType = wrapper.framework; name = Foundation.framework; path = System/Library/Frameworks/Foundation.framework; sourceTree = SDKROOT; };
		FA84CC4817727770006377EA /* LinemanTests.xctest */ = {isa = PBXFileReference; explicitFileType = folder; includeInIndex = 0; path = LinemanTests.xctest; sourceTree = BUILT_PRODUCTS_DIR; };
		FA84CC4917727770006377EA /* XCTest.framework */ = {isa = PBXFileReference; lastKnownFileType = wrapper.framework; name = XCTest.framework; path = Library/Frameworks/XCTest.framework; sourceTree = DEVELOPER_DIR; };
		FA934DDC17872A0E0001AD46 /* mapPin@2x.png */ = {isa = PBXFileReference; lastKnownFileType = image.png; name = "mapPin@2x.png"; path = "Lineman/mapPin@2x.png"; sourceTree = SOURCE_ROOT; };
		FA934DDE17872A160001AD46 /* AppDelegate.h */ = {isa = PBXFileReference; fileEncoding = 4; lastKnownFileType = sourcecode.c.h; name = AppDelegate.h; path = Lineman/AppDelegate.h; sourceTree = SOURCE_ROOT; };
		FA934DDF17872A160001AD46 /* AppDelegate.m */ = {isa = PBXFileReference; fileEncoding = 4; lastKnownFileType = sourcecode.c.objc; name = AppDelegate.m; path = Lineman/AppDelegate.m; sourceTree = SOURCE_ROOT; };
		FA934DE217872A280001AD46 /* Base */ = {isa = PBXFileReference; lastKnownFileType = file.xib; name = Base; path = Lineman/Base.lproj/MainMenu.xib; sourceTree = SOURCE_ROOT; };
		FA934DE417872A380001AD46 /* ViewController.h */ = {isa = PBXFileReference; fileEncoding = 4; lastKnownFileType = sourcecode.c.h; name = ViewController.h; path = Lineman/ViewController.h; sourceTree = SOURCE_ROOT; };
		FA934DE517872A380001AD46 /* ViewController.m */ = {isa = PBXFileReference; fileEncoding = 4; lastKnownFileType = sourcecode.c.objc; name = ViewController.m; path = Lineman/ViewController.m; sourceTree = SOURCE_ROOT; };
		FA934DE617872A380001AD46 /* ViewController.xib */ = {isa = PBXFileReference; fileEncoding = 4; lastKnownFileType = file.xib; name = ViewController.xib; path = Lineman/ViewController.xib; sourceTree = SOURCE_ROOT; };
		FA934DE917872A410001AD46 /* DetectorView.h */ = {isa = PBXFileReference; fileEncoding = 4; lastKnownFileType = sourcecode.c.h; name = DetectorView.h; path = Lineman/DetectorView.h; sourceTree = SOURCE_ROOT; };
		FA934DEA17872A410001AD46 /* DetectorView.m */ = {isa = PBXFileReference; fileEncoding = 4; lastKnownFileType = sourcecode.c.objc; name = DetectorView.m; path = Lineman/DetectorView.m; sourceTree = SOURCE_ROOT; };
		FA934DEC17872A540001AD46 /* Lineman-Info.plist */ = {isa = PBXFileReference; fileEncoding = 4; lastKnownFileType = text.plist.xml; name = "Lineman-Info.plist"; path = "Lineman/Lineman-Info.plist"; sourceTree = SOURCE_ROOT; };
		FA934DED17872A540001AD46 /* Lineman-Prefix.pch */ = {isa = PBXFileReference; fileEncoding = 4; lastKnownFileType = sourcecode.c.h; name = "Lineman-Prefix.pch"; path = "Lineman/Lineman-Prefix.pch"; sourceTree = SOURCE_ROOT; };
		FA934DEE17872A540001AD46 /* main.m */ = {isa = PBXFileReference; fileEncoding = 4; lastKnownFileType = sourcecode.c.objc; name = main.m; path = Lineman/main.m; sourceTree = SOURCE_ROOT; };
		FA934DF217872A5D0001AD46 /* en */ = {isa = PBXFileReference; lastKnownFileType = text.rtf; name = en; path = Lineman/en.lproj/Credits.rtf; sourceTree = SOURCE_ROOT; };
		FA934DF417872A5D0001AD46 /* en */ = {isa = PBXFileReference; lastKnownFileType = text.plist.strings; name = en; path = Lineman/en.lproj/InfoPlist.strings; sourceTree = SOURCE_ROOT; };
		FA934DF7178732120001AD46 /* MirrorDetectorView.h */ = {isa = PBXFileReference; lastKnownFileType = sourcecode.c.h; name = MirrorDetectorView.h; path = Lineman/MirrorDetectorView.h; sourceTree = SOURCE_ROOT; };
		FA934DF8178732120001AD46 /* MirrorDetectorView.m */ = {isa = PBXFileReference; lastKnownFileType = sourcecode.c.objc; name = MirrorDetectorView.m; path = Lineman/MirrorDetectorView.m; sourceTree = SOURCE_ROOT; };
		FAE35442177A491600DD8A7D /* CoreGraphics.framework */ = {isa = PBXFileReference; lastKnownFileType = wrapper.framework; name = CoreGraphics.framework; path = System/Library/Frameworks/CoreGraphics.framework; sourceTree = SDKROOT; };
/* End PBXFileReference section */

/* Begin PBXFrameworksBuildPhase section */
		FA84CC2117727770006377EA /* Frameworks */ = {
			isa = PBXFrameworksBuildPhase;
			buildActionMask = 2147483647;
			files = (
				FAE35443177A491600DD8A7D /* CoreGraphics.framework in Frameworks */,
				FA84CC2817727770006377EA /* Cocoa.framework in Frameworks */,
			);
			runOnlyForDeploymentPostprocessing = 0;
		};
		FA84CC4517727770006377EA /* Frameworks */ = {
			isa = PBXFrameworksBuildPhase;
			buildActionMask = 2147483647;
			files = (
				FA84CC4B17727770006377EA /* Cocoa.framework in Frameworks */,
				FA84CC4A17727770006377EA /* XCTest.framework in Frameworks */,
			);
			runOnlyForDeploymentPostprocessing = 0;
		};
/* End PBXFrameworksBuildPhase section */

/* Begin PBXGroup section */
		FA84CC1B17727770006377EA = {
			isa = PBXGroup;
			children = (
				FA84CC2D17727770006377EA /* Lineman */,
				FA84CC2617727770006377EA /* Frameworks */,
				FA84CC2517727770006377EA /* Products */,
			);
			sourceTree = "<group>";
		};
		FA84CC2517727770006377EA /* Products */ = {
			isa = PBXGroup;
			children = (
				FA84CC2417727770006377EA /* Lineman.app */,
				FA84CC4817727770006377EA /* LinemanTests.xctest */,
			);
			name = Products;
			sourceTree = "<group>";
		};
		FA84CC2617727770006377EA /* Frameworks */ = {
			isa = PBXGroup;
			children = (
				FAE35442177A491600DD8A7D /* CoreGraphics.framework */,
				FA84CC2717727770006377EA /* Cocoa.framework */,
				FA84CC4917727770006377EA /* XCTest.framework */,
				FA84CC2917727770006377EA /* Other Frameworks */,
			);
			name = Frameworks;
			sourceTree = "<group>";
		};
		FA84CC2917727770006377EA /* Other Frameworks */ = {
			isa = PBXGroup;
			children = (
				FA84CC2A17727770006377EA /* AppKit.framework */,
				FA84CC2B17727770006377EA /* CoreData.framework */,
				FA84CC2C17727770006377EA /* Foundation.framework */,
			);
			name = "Other Frameworks";
			sourceTree = "<group>";
		};
		FA84CC2D17727770006377EA /* Lineman */ = {
			isa = PBXGroup;
			children = (
				FA934DE917872A410001AD46 /* DetectorView.h */,
				FA934DEA17872A410001AD46 /* DetectorView.m */,
				FA934DE417872A380001AD46 /* ViewController.h */,
				FA934DE517872A380001AD46 /* ViewController.m */,
				FA934DE617872A380001AD46 /* ViewController.xib */,
				FA934DE117872A280001AD46 /* MainMenu.xib */,
				FA934DDE17872A160001AD46 /* AppDelegate.h */,
				FA934DDF17872A160001AD46 /* AppDelegate.m */,
				FA934DDB178729FE0001AD46 /* Images */,
				FA84CC2E17727770006377EA /* Supporting Files */,
				FA934DF7178732120001AD46 /* MirrorDetectorView.h */,
				FA934DF8178732120001AD46 /* MirrorDetectorView.m */,
				FA11706E1787A50500F0A316 /* DotMaster.h */,
				FA11706F1787A50500F0A316 /* DotMaster.m */,
			);
			name = Lineman;
			path = TrackpadTest;
			sourceTree = "<group>";
		};
		FA84CC2E17727770006377EA /* Supporting Files */ = {
			isa = PBXGroup;
			children = (
				FA934DF117872A5D0001AD46 /* Credits.rtf */,
				FA934DF317872A5D0001AD46 /* InfoPlist.strings */,
				FA934DEC17872A540001AD46 /* Lineman-Info.plist */,
				FA934DED17872A540001AD46 /* Lineman-Prefix.pch */,
				FA934DEE17872A540001AD46 /* main.m */,
			);
			name = "Supporting Files";
			sourceTree = "<group>";
		};
		FA934DDB178729FE0001AD46 /* Images */ = {
			isa = PBXGroup;
			children = (
				FA934DDC17872A0E0001AD46 /* mapPin@2x.png */,
				FA11706C178777DA00F0A316 /* stat_happy.png */,
			);
			name = Images;
			sourceTree = "<group>";
		};
/* End PBXGroup section */

/* Begin PBXNativeTarget section */
		FA84CC2317727770006377EA /* Lineman */ = {
			isa = PBXNativeTarget;
			buildConfigurationList = FA84CC5817727770006377EA /* Build configuration list for PBXNativeTarget "Lineman" */;
			buildPhases = (
				FA84CC2017727770006377EA /* Sources */,
				FA84CC2117727770006377EA /* Frameworks */,
				FA84CC2217727770006377EA /* Resources */,
			);
			buildRules = (
			);
			dependencies = (
			);
			name = Lineman;
			productName = TrackpadTest;
			productReference = FA84CC2417727770006377EA /* Lineman.app */;
			productType = "com.apple.product-type.application";
		};
		FA84CC4717727770006377EA /* LinemanTests */ = {
			isa = PBXNativeTarget;
			buildConfigurationList = FA84CC5B17727770006377EA /* Build configuration list for PBXNativeTarget "LinemanTests" */;
			buildPhases = (
				FA84CC4417727770006377EA /* Sources */,
				FA84CC4517727770006377EA /* Frameworks */,
				FA84CC4617727770006377EA /* Resources */,
			);
			buildRules = (
			);
			dependencies = (
				FA84CC4D17727770006377EA /* PBXTargetDependency */,
			);
			name = LinemanTests;
			productName = TrackpadTestTests;
			productReference = FA84CC4817727770006377EA /* LinemanTests.xctest */;
			productType = "com.apple.product-type.bundle.unit-test";
		};
/* End PBXNativeTarget section */

/* Begin PBXProject section */
		FA84CC1C17727770006377EA /* Project object */ = {
			isa = PBXProject;
			attributes = {
				LastUpgradeCheck = 0500;
				ORGANIZATIONNAME = "Matt Luedke";
				TargetAttributes = {
					FA84CC4717727770006377EA = {
						TestTargetID = FA84CC2317727770006377EA;
					};
				};
			};
			buildConfigurationList = FA84CC1F17727770006377EA /* Build configuration list for PBXProject "Lineman" */;
			compatibilityVersion = "Xcode 3.2";
			developmentRegion = English;
			hasScannedForEncodings = 0;
			knownRegions = (
				en,
				Base,
			);
			mainGroup = FA84CC1B17727770006377EA;
			productRefGroup = FA84CC2517727770006377EA /* Products */;
			projectDirPath = "";
			projectRoot = "";
			targets = (
				FA84CC2317727770006377EA /* Lineman */,
				FA84CC4717727770006377EA /* LinemanTests */,
			);
		};
/* End PBXProject section */

/* Begin PBXResourcesBuildPhase section */
		FA84CC2217727770006377EA /* Resources */ = {
			isa = PBXResourcesBuildPhase;
			buildActionMask = 2147483647;
			files = (
				FA934DF517872A5D0001AD46 /* Credits.rtf in Resources */,
				FA934DF617872A5D0001AD46 /* InfoPlist.strings in Resources */,
				FA934DE817872A380001AD46 /* ViewController.xib in Resources */,
				FA934DEF17872A540001AD46 /* Lineman-Info.plist in Resources */,
				FA934DE317872A280001AD46 /* MainMenu.xib in Resources */,
				FA11706D178777DA00F0A316 /* stat_happy.png in Resources */,
				FA934DDD17872A0E0001AD46 /* mapPin@2x.png in Resources */,
			);
			runOnlyForDeploymentPostprocessing = 0;
		};
		FA84CC4617727770006377EA /* Resources */ = {
			isa = PBXResourcesBuildPhase;
			buildActionMask = 2147483647;
			files = (
			);
			runOnlyForDeploymentPostprocessing = 0;
		};
/* End PBXResourcesBuildPhase section */

/* Begin PBXSourcesBuildPhase section */
		FA84CC2017727770006377EA /* Sources */ = {
			isa = PBXSourcesBuildPhase;
			buildActionMask = 2147483647;
			files = (
				FA1170701787A58300F0A316 /* DotMaster.m in Sources */,
				FA934DF9178736F50001AD46 /* MirrorDetectorView.m in Sources */,
				FA934DE717872A380001AD46 /* ViewController.m in Sources */,
				FA934DE017872A160001AD46 /* AppDelegate.m in Sources */,
				FA934DF017872A540001AD46 /* main.m in Sources */,
				FA934DEB17872A410001AD46 /* DetectorView.m in Sources */,
			);
			runOnlyForDeploymentPostprocessing = 0;
		};
		FA84CC4417727770006377EA /* Sources */ = {
			isa = PBXSourcesBuildPhase;
			buildActionMask = 2147483647;
			files = (
			);
			runOnlyForDeploymentPostprocessing = 0;
		};
/* End PBXSourcesBuildPhase section */

/* Begin PBXTargetDependency section */
		FA84CC4D17727770006377EA /* PBXTargetDependency */ = {
			isa = PBXTargetDependency;
			target = FA84CC2317727770006377EA /* Lineman */;
			targetProxy = FA84CC4C17727770006377EA /* PBXContainerItemProxy */;
		};
/* End PBXTargetDependency section */

/* Begin PBXVariantGroup section */
		FA934DE117872A280001AD46 /* MainMenu.xib */ = {
			isa = PBXVariantGroup;
			children = (
				FA934DE217872A280001AD46 /* Base */,
			);
			name = MainMenu.xib;
			sourceTree = "<group>";
		};
		FA934DF117872A5D0001AD46 /* Credits.rtf */ = {
			isa = PBXVariantGroup;
			children = (
				FA934DF217872A5D0001AD46 /* en */,
			);
			name = Credits.rtf;
			sourceTree = "<group>";
		};
		FA934DF317872A5D0001AD46 /* InfoPlist.strings */ = {
			isa = PBXVariantGroup;
			children = (
				FA934DF417872A5D0001AD46 /* en */,
			);
			name = InfoPlist.strings;
			sourceTree = "<group>";
		};
/* End PBXVariantGroup section */

/* Begin XCBuildConfiguration section */
		FA84CC5617727770006377EA /* Debug */ = {
			isa = XCBuildConfiguration;
			buildSettings = {
				ALWAYS_SEARCH_USER_PATHS = NO;
				CLANG_CXX_LANGUAGE_STANDARD = "gnu++0x";
				CLANG_CXX_LIBRARY = "libc++";
				CLANG_ENABLE_MODULES = YES;
				CLANG_ENABLE_OBJC_ARC = YES;
				CLANG_WARN_BOOL_CONVERSION = YES;
				CLANG_WARN_CONSTANT_CONVERSION = YES;
				CLANG_WARN_DIRECT_OBJC_ISA_USAGE = YES_ERROR;
				CLANG_WARN_EMPTY_BODY = YES;
				CLANG_WARN_ENUM_CONVERSION = YES;
				CLANG_WARN_INT_CONVERSION = YES;
				CLANG_WARN_OBJC_ROOT_CLASS = YES_ERROR;
				CLANG_WARN__DUPLICATE_METHOD_MATCH = YES;
				COPY_PHASE_STRIP = NO;
				GCC_C_LANGUAGE_STANDARD = gnu99;
				GCC_DYNAMIC_NO_PIC = NO;
				GCC_ENABLE_OBJC_EXCEPTIONS = YES;
				GCC_OPTIMIZATION_LEVEL = 0;
				GCC_PREPROCESSOR_DEFINITIONS = (
					"DEBUG=1",
					"$(inherited)",
				);
				GCC_SYMBOLS_PRIVATE_EXTERN = NO;
				GCC_WARN_64_TO_32_BIT_CONVERSION = YES;
				GCC_WARN_ABOUT_RETURN_TYPE = YES_ERROR;
				GCC_WARN_UNDECLARED_SELECTOR = YES;
				GCC_WARN_UNINITIALIZED_AUTOS = YES;
				GCC_WARN_UNUSED_FUNCTION = YES;
				GCC_WARN_UNUSED_VARIABLE = YES;
				MACOSX_DEPLOYMENT_TARGET = 10.8;
				ONLY_ACTIVE_ARCH = YES;
				SDKROOT = macosx;
			};
			name = Debug;
		};
		FA84CC5717727770006377EA /* Release */ = {
			isa = XCBuildConfiguration;
			buildSettings = {
				ALWAYS_SEARCH_USER_PATHS = NO;
				CLANG_CXX_LANGUAGE_STANDARD = "gnu++0x";
				CLANG_CXX_LIBRARY = "libc++";
				CLANG_ENABLE_MODULES = YES;
				CLANG_ENABLE_OBJC_ARC = YES;
				CLANG_WARN_BOOL_CONVERSION = YES;
				CLANG_WARN_CONSTANT_CONVERSION = YES;
				CLANG_WARN_DIRECT_OBJC_ISA_USAGE = YES_ERROR;
				CLANG_WARN_EMPTY_BODY = YES;
				CLANG_WARN_ENUM_CONVERSION = YES;
				CLANG_WARN_INT_CONVERSION = YES;
				CLANG_WARN_OBJC_ROOT_CLASS = YES_ERROR;
				CLANG_WARN__DUPLICATE_METHOD_MATCH = YES;
				COPY_PHASE_STRIP = YES;
				DEBUG_INFORMATION_FORMAT = "dwarf-with-dsym";
				ENABLE_NS_ASSERTIONS = NO;
				GCC_C_LANGUAGE_STANDARD = gnu99;
				GCC_ENABLE_OBJC_EXCEPTIONS = YES;
				GCC_WARN_64_TO_32_BIT_CONVERSION = YES;
				GCC_WARN_ABOUT_RETURN_TYPE = YES_ERROR;
				GCC_WARN_UNDECLARED_SELECTOR = YES;
				GCC_WARN_UNINITIALIZED_AUTOS = YES;
				GCC_WARN_UNUSED_FUNCTION = YES;
				GCC_WARN_UNUSED_VARIABLE = YES;
				MACOSX_DEPLOYMENT_TARGET = 10.8;
				SDKROOT = macosx;
			};
			name = Release;
		};
		FA84CC5917727770006377EA /* Debug */ = {
			isa = XCBuildConfiguration;
			buildSettings = {
				ASSETCATALOG_COMPILER_APPICON_NAME = AppIcon;
				COMBINE_HIDPI_IMAGES = YES;
				GCC_PRECOMPILE_PREFIX_HEADER = YES;
				GCC_PREFIX_HEADER = "Lineman/Lineman-Prefix.pch";
				INFOPLIST_FILE = "$(SRCROOT)/Lineman/Lineman-Info.plist";
				PRODUCT_NAME = Lineman;
				WRAPPER_EXTENSION = app;
			};
			name = Debug;
		};
		FA84CC5A17727770006377EA /* Release */ = {
			isa = XCBuildConfiguration;
			buildSettings = {
				ASSETCATALOG_COMPILER_APPICON_NAME = AppIcon;
				COMBINE_HIDPI_IMAGES = YES;
				GCC_PRECOMPILE_PREFIX_HEADER = YES;
				GCC_PREFIX_HEADER = "Lineman/Lineman-Prefix.pch";
				INFOPLIST_FILE = "$(SRCROOT)/Lineman/Lineman-Info.plist";
				ONLY_ACTIVE_ARCH = NO;
				PRODUCT_NAME = Lineman;
				WRAPPER_EXTENSION = app;
			};
			name = Release;
		};
		FA84CC5C17727770006377EA /* Debug */ = {
			isa = XCBuildConfiguration;
			buildSettings = {
				BUNDLE_LOADER = "$(BUILT_PRODUCTS_DIR)/TrackpadTest.app/Contents/MacOS/TrackpadTest";
				COMBINE_HIDPI_IMAGES = YES;
				FRAMEWORK_SEARCH_PATHS = (
					"$(DEVELOPER_FRAMEWORKS_DIR)",
					"$(inherited)",
				);
				GCC_PRECOMPILE_PREFIX_HEADER = YES;
				GCC_PREFIX_HEADER = "TrackpadTest/TrackpadTest-Prefix.pch";
				GCC_PREPROCESSOR_DEFINITIONS = (
					"DEBUG=1",
					"$(inherited)",
				);
				INFOPLIST_FILE = "TrackpadTestTests/LinemanTests-Info.plist";
				PRODUCT_NAME = LinemanTests;
				TEST_HOST = "$(BUNDLE_LOADER)";
				WRAPPER_EXTENSION = xctest;
			};
			name = Debug;
		};
		FA84CC5D17727770006377EA /* Release */ = {
			isa = XCBuildConfiguration;
			buildSettings = {
				BUNDLE_LOADER = "$(BUILT_PRODUCTS_DIR)/TrackpadTest.app/Contents/MacOS/TrackpadTest";
				COMBINE_HIDPI_IMAGES = YES;
				FRAMEWORK_SEARCH_PATHS = (
					"$(DEVELOPER_FRAMEWORKS_DIR)",
					"$(inherited)",
				);
				GCC_PRECOMPILE_PREFIX_HEADER = YES;
				GCC_PREFIX_HEADER = "TrackpadTest/TrackpadTest-Prefix.pch";
				INFOPLIST_FILE = "TrackpadTestTests/LinemanTests-Info.plist";
				PRODUCT_NAME = LinemanTests;
				TEST_HOST = "$(BUNDLE_LOADER)";
				WRAPPER_EXTENSION = xctest;
			};
			name = Release;
		};
/* End XCBuildConfiguration section */

/* Begin XCConfigurationList section */
		FA84CC1F17727770006377EA /* Build configuration list for PBXProject "Lineman" */ = {
			isa = XCConfigurationList;
			buildConfigurations = (
				FA84CC5617727770006377EA /* Debug */,
				FA84CC5717727770006377EA /* Release */,
			);
			defaultConfigurationIsVisible = 0;
			defaultConfigurationName = Release;
		};
		FA84CC5817727770006377EA /* Build configuration list for PBXNativeTarget "Lineman" */ = {
			isa = XCConfigurationList;
			buildConfigurations = (
				FA84CC5917727770006377EA /* Debug */,
				FA84CC5A17727770006377EA /* Release */,
			);
			defaultConfigurationIsVisible = 0;
			defaultConfigurationName = Release;
		};
		FA84CC5B17727770006377EA /* Build configuration list for PBXNativeTarget "LinemanTests" */ = {
			isa = XCConfigurationList;
			buildConfigurations = (
				FA84CC5C17727770006377EA /* Debug */,
				FA84CC5D17727770006377EA /* Release */,
			);
			defaultConfigurationIsVisible = 0;
			defaultConfigurationName = Release;
		};
/* End XCConfigurationList section */
	};
	rootObject = FA84CC1C17727770006377EA /* Project object */;
}
